// !$*UTF8*$!
{
	archiveVersion = 1;
	classes = {
	};
	objectVersion = 46;
	objects = {

/* Begin PBXBuildFile section */
		6E064B63EC2FCF2E092F3B5C /* Pods_Flicks.framework in Frameworks */ = {isa = PBXBuildFile; fileRef = 626B43AE1119777B5AE4ED5E /* Pods_Flicks.framework */; };
		941D2C401C5EF7C200AA2A64 /* AppDelegate.swift in Sources */ = {isa = PBXBuildFile; fileRef = 941D2C3F1C5EF7C200AA2A64 /* AppDelegate.swift */; };
		941D2C451C5EF7C200AA2A64 /* Main.storyboard in Resources */ = {isa = PBXBuildFile; fileRef = 941D2C431C5EF7C200AA2A64 /* Main.storyboard */; };
		941D2C471C5EF7C200AA2A64 /* Assets.xcassets in Resources */ = {isa = PBXBuildFile; fileRef = 941D2C461C5EF7C200AA2A64 /* Assets.xcassets */; };
		941D2C4A1C5EF7C200AA2A64 /* LaunchScreen.storyboard in Resources */ = {isa = PBXBuildFile; fileRef = 941D2C481C5EF7C200AA2A64 /* LaunchScreen.storyboard */; };
		941D2C541C5EF8EA00AA2A64 /* MoviesViewController.swift in Sources */ = {isa = PBXBuildFile; fileRef = 941D2C531C5EF8EA00AA2A64 /* MoviesViewController.swift */; };
		941D2C571C5FD7E900AA2A64 /* MovieViewCell.swift in Sources */ = {isa = PBXBuildFile; fileRef = 941D2C561C5FD7E900AA2A64 /* MovieViewCell.swift */; };
/* End PBXBuildFile section */

/* Begin PBXFileReference section */
		128BC506708A75220C6B50E8 /* Pods-Flicks.debug.xcconfig */ = {isa = PBXFileReference; includeInIndex = 1; lastKnownFileType = text.xcconfig; name = "Pods-Flicks.debug.xcconfig"; path = "Pods/Target Support Files/Pods-Flicks/Pods-Flicks.debug.xcconfig"; sourceTree = "<group>"; };
		626B43AE1119777B5AE4ED5E /* Pods_Flicks.framework */ = {isa = PBXFileReference; explicitFileType = wrapper.framework; includeInIndex = 0; path = Pods_Flicks.framework; sourceTree = BUILT_PRODUCTS_DIR; };
		941D2C3C1C5EF7C200AA2A64 /* Flicks.app */ = {isa = PBXFileReference; explicitFileType = wrapper.application; includeInIndex = 0; path = Flicks.app; sourceTree = BUILT_PRODUCTS_DIR; };
		941D2C3F1C5EF7C200AA2A64 /* AppDelegate.swift */ = {isa = PBXFileReference; lastKnownFileType = sourcecode.swift; path = AppDelegate.swift; sourceTree = "<group>"; };
		941D2C441C5EF7C200AA2A64 /* Base */ = {isa = PBXFileReference; lastKnownFileType = file.storyboard; name = Base; path = Base.lproj/Main.storyboard; sourceTree = "<group>"; };
		941D2C461C5EF7C200AA2A64 /* Assets.xcassets */ = {isa = PBXFileReference; lastKnownFileType = folder.assetcatalog; path = Assets.xcassets; sourceTree = "<group>"; };
		941D2C491C5EF7C200AA2A64 /* Base */ = {isa = PBXFileReference; lastKnownFileType = file.storyboard; name = Base; path = Base.lproj/LaunchScreen.storyboard; sourceTree = "<group>"; };
		941D2C4B1C5EF7C200AA2A64 /* Info.plist */ = {isa = PBXFileReference; lastKnownFileType = text.plist.xml; path = Info.plist; sourceTree = "<group>"; };
		941D2C531C5EF8EA00AA2A64 /* MoviesViewController.swift */ = {isa = PBXFileReference; fileEncoding = 4; lastKnownFileType = sourcecode.swift; path = MoviesViewController.swift; sourceTree = "<group>"; };
		941D2C561C5FD7E900AA2A64 /* MovieViewCell.swift */ = {isa = PBXFileReference; fileEncoding = 4; lastKnownFileType = sourcecode.swift; path = MovieViewCell.swift; sourceTree = "<group>"; };
		E09EF6938D5E67A63AAEDEA3 /* Pods-Flicks.release.xcconfig */ = {isa = PBXFileReference; includeInIndex = 1; lastKnownFileType = text.xcconfig; name = "Pods-Flicks.release.xcconfig"; path = "Pods/Target Support Files/Pods-Flicks/Pods-Flicks.release.xcconfig"; sourceTree = "<group>"; };
/* End PBXFileReference section */

/* Begin PBXFrameworksBuildPhase section */
		941D2C391C5EF7C200AA2A64 /* Frameworks */ = {
			isa = PBXFrameworksBuildPhase;
			buildActionMask = 2147483647;
			files = (
				6E064B63EC2FCF2E092F3B5C /* Pods_Flicks.framework in Frameworks */,
			);
			runOnlyForDeploymentPostprocessing = 0;
		};
/* End PBXFrameworksBuildPhase section */

/* Begin PBXGroup section */
		158721F8C23DEF31DBF3E413 /* Pods */ = {
			isa = PBXGroup;
			children = (
				128BC506708A75220C6B50E8 /* Pods-Flicks.debug.xcconfig */,
				E09EF6938D5E67A63AAEDEA3 /* Pods-Flicks.release.xcconfig */,
			);
			name = Pods;
			sourceTree = "<group>";
		};
		9332CDE7944DFDB6BD8DB0E3 /* Frameworks */ = {
			isa = PBXGroup;
			children = (
				626B43AE1119777B5AE4ED5E /* Pods_Flicks.framework */,
			);
			name = Frameworks;
			sourceTree = "<group>";
		};
		941D2C331C5EF7C200AA2A64 = {
			isa = PBXGroup;
			children = (
				941D2C3E1C5EF7C200AA2A64 /* Flicks */,
				941D2C3D1C5EF7C200AA2A64 /* Products */,
				158721F8C23DEF31DBF3E413 /* Pods */,
				9332CDE7944DFDB6BD8DB0E3 /* Frameworks */,
			);
			sourceTree = "<group>";
		};
		941D2C3D1C5EF7C200AA2A64 /* Products */ = {
			isa = PBXGroup;
			children = (
				941D2C3C1C5EF7C200AA2A64 /* Flicks.app */,
			);
			name = Products;
			sourceTree = "<group>";
		};
		941D2C3E1C5EF7C200AA2A64 /* Flicks */ = {
			isa = PBXGroup;
			children = (
				941D2C581C5FD80300AA2A64 /* View Controllers */,
				941D2C551C5FD77F00AA2A64 /* Views */,
				941D2C3F1C5EF7C200AA2A64 /* AppDelegate.swift */,
				941D2C431C5EF7C200AA2A64 /* Main.storyboard */,
				941D2C461C5EF7C200AA2A64 /* Assets.xcassets */,
				941D2C481C5EF7C200AA2A64 /* LaunchScreen.storyboard */,
				941D2C4B1C5EF7C200AA2A64 /* Info.plist */,
			);
			path = Flicks;
			sourceTree = "<group>";
		};
		941D2C551C5FD77F00AA2A64 /* Views */ = {
			isa = PBXGroup;
			children = (
				941D2C561C5FD7E900AA2A64 /* MovieViewCell.swift */,
			);
			name = Views;
			sourceTree = "<group>";
		};
		941D2C581C5FD80300AA2A64 /* View Controllers */ = {
			isa = PBXGroup;
			children = (
				941D2C531C5EF8EA00AA2A64 /* MoviesViewController.swift */,
			);
			name = "View Controllers";
			sourceTree = "<group>";
		};
/* End PBXGroup section */

/* Begin PBXNativeTarget section */
		941D2C3B1C5EF7C200AA2A64 /* Flicks */ = {
			isa = PBXNativeTarget;
			buildConfigurationList = 941D2C4E1C5EF7C200AA2A64 /* Build configuration list for PBXNativeTarget "Flicks" */;
			buildPhases = (
				E6086FC36FACC981F2ED1EDF /* Check Pods Manifest.lock */,
				941D2C381C5EF7C200AA2A64 /* Sources */,
				941D2C391C5EF7C200AA2A64 /* Frameworks */,
				941D2C3A1C5EF7C200AA2A64 /* Resources */,
				EB0132FD176A4D59B3BABED2 /* Embed Pods Frameworks */,
				D916E97FB567E0835BF965D9 /* Copy Pods Resources */,
			);
			buildRules = (
			);
			dependencies = (
			);
			name = Flicks;
			productName = Flicks;
			productReference = 941D2C3C1C5EF7C200AA2A64 /* Flicks.app */;
			productType = "com.apple.product-type.application";
		};
/* End PBXNativeTarget section */

/* Begin PBXProject section */
		941D2C341C5EF7C200AA2A64 /* Project object */ = {
			isa = PBXProject;
			attributes = {
				LastSwiftUpdateCheck = 0720;
				LastUpgradeCheck = 0720;
				ORGANIZATIONNAME = Kolton;
				TargetAttributes = {
					941D2C3B1C5EF7C200AA2A64 = {
						CreatedOnToolsVersion = 7.2;
					};
				};
			};
			buildConfigurationList = 941D2C371C5EF7C200AA2A64 /* Build configuration list for PBXProject "Flicks" */;
			compatibilityVersion = "Xcode 3.2";
			developmentRegion = English;
			hasScannedForEncodings = 0;
			knownRegions = (
				en,
				Base,
			);
			mainGroup = 941D2C331C5EF7C200AA2A64;
			productRefGroup = 941D2C3D1C5EF7C200AA2A64 /* Products */;
			projectDirPath = "";
			projectRoot = "";
			targets = (
				941D2C3B1C5EF7C200AA2A64 /* Flicks */,
			);
		};
/* End PBXProject section */

/* Begin PBXResourcesBuildPhase section */
		941D2C3A1C5EF7C200AA2A64 /* Resources */ = {
			isa = PBXResourcesBuildPhase;
			buildActionMask = 2147483647;
			files = (
				941D2C4A1C5EF7C200AA2A64 /* LaunchScreen.storyboard in Resources */,
				941D2C471C5EF7C200AA2A64 /* Assets.xcassets in Resources */,
				941D2C451C5EF7C200AA2A64 /* Main.storyboard in Resources */,
			);
			runOnlyForDeploymentPostprocessing = 0;
		};
/* End PBXResourcesBuildPhase section */

/* Begin PBXShellScriptBuildPhase section */
		D916E97FB567E0835BF965D9 /* Copy Pods Resources */ = {
			isa = PBXShellScriptBuildPhase;
			buildActionMask = 2147483647;
			files = (
			);
			inputPaths = (
			);
			name = "Copy Pods Resources";
			outputPaths = (
			);
			runOnlyForDeploymentPostprocessing = 0;
			shellPath = /bin/sh;
			shellScript = "\"${SRCROOT}/Pods/Target Support Files/Pods-Flicks/Pods-Flicks-resources.sh\"\n";
			showEnvVarsInLog = 0;
		};
		E6086FC36FACC981F2ED1EDF /* Check Pods Manifest.lock */ = {
			isa = PBXShellScriptBuildPhase;
			buildActionMask = 2147483647;
			files = (
			);
			inputPaths = (
			);
			name = "Check Pods Manifest.lock";
			outputPaths = (
			);
			runOnlyForDeploymentPostprocessing = 0;
			shellPath = /bin/sh;
			shellScript = "diff \"${PODS_ROOT}/../Podfile.lock\" \"${PODS_ROOT}/Manifest.lock\" > /dev/null\nif [[ $? != 0 ]] ; then\n    cat << EOM\nerror: The sandbox is not in sync with the Podfile.lock. Run 'pod install' or update your CocoaPods installation.\nEOM\n    exit 1\nfi\n";
			showEnvVarsInLog = 0;
		};
		EB0132FD176A4D59B3BABED2 /* Embed Pods Frameworks */ = {
			isa = PBXShellScriptBuildPhase;
			buildActionMask = 2147483647;
			files = (
			);
			inputPaths = (
			);
			name = "Embed Pods Frameworks";
			outputPaths = (
			);
			runOnlyForDeploymentPostprocessing = 0;
			shellPath = /bin/sh;
			shellScript = "\"${SRCROOT}/Pods/Target Support Files/Pods-Flicks/Pods-Flicks-frameworks.sh\"\n";
			showEnvVarsInLog = 0;
		};
/* End PBXShellScriptBuildPhase section */

/* Begin PBXSourcesBuildPhase section */
		941D2C381C5EF7C200AA2A64 /* Sources */ = {
			isa = PBXSourcesBuildPhase;
			buildActionMask = 2147483647;
			files = (
				941D2C401C5EF7C200AA2A64 /* AppDelegate.swift in Sources */,
				941D2C541C5EF8EA00AA2A64 /* MoviesViewController.swift in Sources */,
				941D2C571C5FD7E900AA2A64 /* MovieViewCell.swift in Sources */,
			);
			runOnlyForDeploymentPostprocessing = 0;
		};
/* End PBXSourcesBuildPhase section */

/* Begin PBXVariantGroup section */
		941D2C431C5EF7C200AA2A64 /* Main.storyboard */ = {
			isa = PBXVariantGroup;
			children = (
				941D2C441C5EF7C200AA2A64 /* Base */,
			);
			name = Main.storyboard;
			sourceTree = "<group>";
		};
		941D2C481C5EF7C200AA2A64 /* LaunchScreen.storyboard */ = {
			isa = PBXVariantGroup;
			children = (
				941D2C491C5EF7C200AA2A64 /* Base */,
			);
			name = LaunchScreen.storyboard;
			sourceTree = "<group>";
		};
/* End PBXVariantGroup section */

/* Begin XCBuildConfiguration section */
		941D2C4C1C5EF7C200AA2A64 /* Debug */ = {
			isa = XCBuildConfiguration;
			buildSettings = {
				ALWAYS_SEARCH_USER_PATHS = NO;
				CLANG_CXX_LANGUAGE_STANDARD = "gnu++0x";
				CLANG_CXX_LIBRARY = "libc++";
				CLANG_ENABLE_MODULES = YES;
				CLANG_ENABLE_OBJC_ARC = YES;
				CLANG_WARN_BOOL_CONVERSION = YES;
				CLANG_WARN_CONSTANT_CONVERSION = YES;
				CLANG_WARN_DIRECT_OBJC_ISA_USAGE = YES_ERROR;
				CLANG_WARN_EMPTY_BODY = YES;
				CLANG_WARN_ENUM_CONVERSION = YES;
				CLANG_WARN_INT_CONVERSION = YES;
				CLANG_WARN_OBJC_ROOT_CLASS = YES_ERROR;
				CLANG_WARN_UNREACHABLE_CODE = YES;
				CLANG_WARN__DUPLICATE_METHOD_MATCH = YES;
				"CODE_SIGN_IDENTITY[sdk=iphoneos*]" = "iPhone Developer";
				COPY_PHASE_STRIP = NO;
				DEBUG_INFORMATION_FORMAT = dwarf;
				ENABLE_STRICT_OBJC_MSGSEND = YES;
				ENABLE_TESTABILITY = YES;
				GCC_C_LANGUAGE_STANDARD = gnu99;
				GCC_DYNAMIC_NO_PIC = NO;
				GCC_NO_COMMON_BLOCKS = YES;
				GCC_OPTIMIZATION_LEVEL = 0;
				GCC_PREPROCESSOR_DEFINITIONS = (
					"DEBUG=1",
					"$(inherited)",
				);
				GCC_WARN_64_TO_32_BIT_CONVERSION = YES;
				GCC_WARN_ABOUT_RETURN_TYPE = YES_ERROR;
				GCC_WARN_UNDECLARED_SELECTOR = YES;
				GCC_WARN_UNINITIALIZED_AUTOS = YES_AGGRESSIVE;
				GCC_WARN_UNUSED_FUNCTION = YES;
				GCC_WARN_UNUSED_VARIABLE = YES;
				IPHONEOS_DEPLOYMENT_TARGET = 9.2;
				MTL_ENABLE_DEBUG_INFO = YES;
				ONLY_ACTIVE_ARCH = YES;
				SDKROOT = iphoneos;
				SWIFT_OPTIMIZATION_LEVEL = "-Onone";
				TARGETED_DEVICE_FAMILY = "1,2";
			};
			name = Debug;
		};
		941D2C4D1C5EF7C200AA2A64 /* Release */ = {
			isa = XCBuildConfiguration;
			buildSettings = {
				ALWAYS_SEARCH_USER_PATHS = NO;
				CLANG_CXX_LANGUAGE_STANDARD = "gnu++0x";
				CLANG_CXX_LIBRARY = "libc++";
				CLANG_ENABLE_MODULES = YES;
				CLANG_ENABLE_OBJC_ARC = YES;
				CLANG_WARN_BOOL_CONVERSION = YES;
				CLANG_WARN_CONSTANT_CONVERSION = YES;
				CLANG_WARN_DIRECT_OBJC_ISA_USAGE = YES_ERROR;
				CLANG_WARN_EMPTY_BODY = YES;
				CLANG_WARN_ENUM_CONVERSION = YES;
				CLANG_WARN_INT_CONVERSION = YES;
				CLANG_WARN_OBJC_ROOT_CLASS = YES_ERROR;
				CLANG_WARN_UNREACHABLE_CODE = YES;
				CLANG_WARN__DUPLICATE_METHOD_MATCH = YES;
				"CODE_SIGN_IDENTITY[sdk=iphoneos*]" = "iPhone Developer";
				COPY_PHASE_STRIP = NO;
				DEBUG_INFORMATION_FORMAT = "dwarf-with-dsym";
				ENABLE_NS_ASSERTIONS = NO;
				ENABLE_STRICT_OBJC_MSGSEND = YES;
				GCC_C_LANGUAGE_STANDARD = gnu99;
				GCC_NO_COMMON_BLOCKS = YES;
				GCC_WARN_64_TO_32_BIT_CONVERSION = YES;
				GCC_WARN_ABOUT_RETURN_TYPE = YES_ERROR;
				GCC_WARN_UNDECLARED_SELECTOR = YES;
				GCC_WARN_UNINITIALIZED_AUTOS = YES_AGGRESSIVE;
				GCC_WARN_UNUSED_FUNCTION = YES;
				GCC_WARN_UNUSED_VARIABLE = YES;
				IPHONEOS_DEPLOYMENT_TARGET = 9.2;
				MTL_ENABLE_DEBUG_INFO = NO;
				SDKROOT = iphoneos;
				TARGETED_DEVICE_FAMILY = "1,2";
				VALIDATE_PRODUCT = YES;
			};
			name = Release;
		};
		941D2C4F1C5EF7C200AA2A64 /* Debug */ = {
			isa = XCBuildConfiguration;
			baseConfigurationReference = 128BC506708A75220C6B50E8 /* Pods-Flicks.debug.xcconfig */;
			buildSettings = {
				ASSETCATALOG_COMPILER_APPICON_NAME = AppIcon;
				INFOPLIST_FILE = Flicks/Info.plist;
				LD_RUNPATH_SEARCH_PATHS = "$(inherited) @executable_path/Frameworks";
				PRODUCT_BUNDLE_IDENTIFIER = codepath.Flicks;
				PRODUCT_NAME = "$(TARGET_NAME)";
			};
			name = Debug;
		};
		941D2C501C5EF7C200AA2A64 /* Release */ = {
			isa = XCBuildConfiguration;
			baseConfigurationReference = E09EF6938D5E67A63AAEDEA3 /* Pods-Flicks.release.xcconfig */;
			buildSettings = {
				ASSETCATALOG_COMPILER_APPICON_NAME = AppIcon;
				INFOPLIST_FILE = Flicks/Info.plist;
				LD_RUNPATH_SEARCH_PATHS = "$(inherited) @executable_path/Frameworks";
				PRODUCT_BUNDLE_IDENTIFIER = codepath.Flicks;
				PRODUCT_NAME = "$(TARGET_NAME)";
			};
			name = Release;
		};
/* End XCBuildConfiguration section */

/* Begin XCConfigurationList section */
		941D2C371C5EF7C200AA2A64 /* Build configuration list for PBXProject "Flicks" */ = {
			isa = XCConfigurationList;
			buildConfigurations = (
				941D2C4C1C5EF7C200AA2A64 /* Debug */,
				941D2C4D1C5EF7C200AA2A64 /* Release */,
			);
			defaultConfigurationIsVisible = 0;
			defaultConfigurationName = Release;
		};
		941D2C4E1C5EF7C200AA2A64 /* Build configuration list for PBXNativeTarget "Flicks" */ = {
			isa = XCConfigurationList;
			buildConfigurations = (
				941D2C4F1C5EF7C200AA2A64 /* Debug */,
				941D2C501C5EF7C200AA2A64 /* Release */,
			);
			defaultConfigurationIsVisible = 0;
			defaultConfigurationName = Release;
		};
/* End XCConfigurationList section */
	};
	rootObject = 941D2C341C5EF7C200AA2A64 /* Project object */;
}
